
Microsoft Visual Studio Solution File, Format Version 12.00
# Visual Studio Version 16
VisualStudioVersion = 16.0.32106.194
MinimumVisualStudioVersion = 10.0.40219.1
Project("{FAE04EC0-301F-11D3-BF4B-00C04F79EFBC}") = "JQ_DEMO", "JQ_DEMO\JQ_DEMO.csproj", "{496863CD-F3E1-487B-986D-31DD8E658AC0}"
EndProject
Global
	GlobalSection(SolutionConfigurationPlatforms) = preSolution
		Debug|Any CPU = Debug|Any CPU
		Release|Any CPU = Release|Any CPU
	EndGlobalSection
	GlobalSection(ProjectConfigurationPlatforms) = postSolution
		{496863CD-F3E1-487B-986D-31DD8E658AC0}.Debug|Any CPU.ActiveCfg = Debug|Any CPU
		{496863CD-F3E1-487B-986D-31DD8E658AC0}.Debug|Any CPU.Build.0 = Debug|Any CPU
		{496863CD-F3E1-487B-986D-31DD8E658AC0}.Release|Any CPU.ActiveCfg = Release|Any CPU
		{496863CD-F3E1-487B-986D-31DD8E658AC0}.Release|Any CPU.Build.0 = Release|Any CPU
	EndGlobalSection
	GlobalSection(SolutionProperties) = preSolution
		HideSolutionNode = FALSE
	EndGlobalSection
	GlobalSection(ExtensibilityGlobals) = postSolution
		SolutionGuid = {C218774E-47FB-4C7A-95BD-EDD87FE099A5}
	EndGlobalSection
EndGlobal
